
Microsoft Visual Studio Solution File, Format Version 12.00
# Visual Studio Version 17
VisualStudioVersion = 17.4.33213.308
MinimumVisualStudioVersion = 10.0.40219.1
Project("{2150E333-8FDC-42A3-9474-1A3956D46DE8}") = "src", "src", "{7D7D1D1F-FD63-4F43-BBA6-97476B4EDBB4}"
EndProject
Project("{2150E333-8FDC-42A3-9474-1A3956D46DE8}") = "demo", "demo", "{86385878-F59A-4DA0-BBA1-2EF0FDA6F07E}"
EndProject
Project("{9A19103F-16F7-4668-BE54-9A1E7A4F7556}") = "ProxyMiner.Core", "src\ProxyMiner.Core\ProxyMiner.Core.csproj", "{BA1D2243-0952-4CFE-8E5F-0B288BC79F0E}"
EndProject
Project("{9A19103F-16F7-4668-BE54-9A1E7A4F7556}") = "ProxyMiner.Demo", "demo\ProxyMiner.Demo\ProxyMiner.Demo.csproj", "{C861BB2B-671E-46D1-A5A4-4BA5922F35F6}"
EndProject
Project("{2150E333-8FDC-42A3-9474-1A3956D46DE8}") = "tests", "tests", "{67C4CB25-A91B-46E5-BDBB-E1042018454D}"
EndProject
Project("{9A19103F-16F7-4668-BE54-9A1E7A4F7556}") = "ProxyMiner.Providers", "src\ProxyMiner.Providers\ProxyMiner.Providers.csproj", "{61E4EF53-CABF-42A4-B843-2F72041358A5}"
EndProject
Project("{9A19103F-16F7-4668-BE54-9A1E7A4F7556}") = "ProxyMiner.Checkers", "src\ProxyMiner.Checkers\ProxyMiner.Checkers.csproj", "{BE5BF058-0AFF-4FD2-AC35-7FD6D129B52D}"
EndProject
Project("{9A19103F-16F7-4668-BE54-9A1E7A4F7556}") = "ProxyMiner.Tests", "tests\ProxyMiner.Tests\ProxyMiner.Tests.csproj", "{65E7576B-5CBA-4C09-B688-5099FF58B4D0}"
EndProject
Global
	GlobalSection(SolutionConfigurationPlatforms) = preSolution
		Debug|Any CPU = Debug|Any CPU
		Release|Any CPU = Release|Any CPU
	EndGlobalSection
	GlobalSection(ProjectConfigurationPlatforms) = postSolution
		{BA1D2243-0952-4CFE-8E5F-0B288BC79F0E}.Debug|Any CPU.ActiveCfg = Debug|Any CPU
		{BA1D2243-0952-4CFE-8E5F-0B288BC79F0E}.Debug|Any CPU.Build.0 = Debug|Any CPU
		{BA1D2243-0952-4CFE-8E5F-0B288BC79F0E}.Release|Any CPU.ActiveCfg = Release|Any CPU
		{BA1D2243-0952-4CFE-8E5F-0B288BC79F0E}.Release|Any CPU.Build.0 = Release|Any CPU
		{C861BB2B-671E-46D1-A5A4-4BA5922F35F6}.Debug|Any CPU.ActiveCfg = Debug|Any CPU
		{C861BB2B-671E-46D1-A5A4-4BA5922F35F6}.Debug|Any CPU.Build.0 = Debug|Any CPU
		{C861BB2B-671E-46D1-A5A4-4BA5922F35F6}.Release|Any CPU.ActiveCfg = Release|Any CPU
		{C861BB2B-671E-46D1-A5A4-4BA5922F35F6}.Release|Any CPU.Build.0 = Release|Any CPU
		{61E4EF53-CABF-42A4-B843-2F72041358A5}.Debug|Any CPU.ActiveCfg = Debug|Any CPU
		{61E4EF53-CABF-42A4-B843-2F72041358A5}.Debug|Any CPU.Build.0 = Debug|Any CPU
		{61E4EF53-CABF-42A4-B843-2F72041358A5}.Release|Any CPU.ActiveCfg = Release|Any CPU
		{61E4EF53-CABF-42A4-B843-2F72041358A5}.Release|Any CPU.Build.0 = Release|Any CPU
		{BE5BF058-0AFF-4FD2-AC35-7FD6D129B52D}.Debug|Any CPU.ActiveCfg = Debug|Any CPU
		{BE5BF058-0AFF-4FD2-AC35-7FD6D129B52D}.Debug|Any CPU.Build.0 = Debug|Any CPU
		{BE5BF058-0AFF-4FD2-AC35-7FD6D129B52D}.Release|Any CPU.ActiveCfg = Release|Any CPU
		{BE5BF058-0AFF-4FD2-AC35-7FD6D129B52D}.Release|Any CPU.Build.0 = Release|Any CPU
		{65E7576B-5CBA-4C09-B688-5099FF58B4D0}.Debug|Any CPU.ActiveCfg = Debug|Any CPU
		{65E7576B-5CBA-4C09-B688-5099FF58B4D0}.Debug|Any CPU.Build.0 = Debug|Any CPU
		{65E7576B-5CBA-4C09-B688-5099FF58B4D0}.Release|Any CPU.ActiveCfg = Release|Any CPU
		{65E7576B-5CBA-4C09-B688-5099FF58B4D0}.Release|Any CPU.Build.0 = Release|Any CPU
	EndGlobalSection
	GlobalSection(SolutionProperties) = preSolution
		HideSolutionNode = FALSE
	EndGlobalSection
	GlobalSection(NestedProjects) = preSolution
		{BA1D2243-0952-4CFE-8E5F-0B288BC79F0E} = {7D7D1D1F-FD63-4F43-BBA6-97476B4EDBB4}
		{C861BB2B-671E-46D1-A5A4-4BA5922F35F6} = {86385878-F59A-4DA0-BBA1-2EF0FDA6F07E}
		{61E4EF53-CABF-42A4-B843-2F72041358A5} = {7D7D1D1F-FD63-4F43-BBA6-97476B4EDBB4}
		{BE5BF058-0AFF-4FD2-AC35-7FD6D129B52D} = {7D7D1D1F-FD63-4F43-BBA6-97476B4EDBB4}
		{65E7576B-5CBA-4C09-B688-5099FF58B4D0} = {67C4CB25-A91B-46E5-BDBB-E1042018454D}
	EndGlobalSection
	GlobalSection(ExtensibilityGlobals) = postSolution
		SolutionGuid = {779B5114-AF95-4016-B0C5-DDC687747246}
	EndGlobalSection
EndGlobal
